
Microsoft Visual Studio Solution File, Format Version 12.00
# Visual Studio Version 17
VisualStudioVersion = 17.1.32328.378
MinimumVisualStudioVersion = 10.0.40219.1
Project("{FAE04EC0-301F-11D3-BF4B-00C04F79EFBC}") = "CarGalleryApplication", "CarGalleryApplication\CarGalleryApplication.csproj", "{9F8B9B43-7CCB-499F-AE3D-169C0A9754AB}"
EndProject
Global
	GlobalSection(SolutionConfigurationPlatforms) = preSolution
		Debug|Any CPU = Debug|Any CPU
		Release|Any CPU = Release|Any CPU
	EndGlobalSection
	GlobalSection(ProjectConfigurationPlatforms) = postSolution
		{9F8B9B43-7CCB-499F-AE3D-169C0A9754AB}.Debug|Any CPU.ActiveCfg = Debug|Any CPU
		{9F8B9B43-7CCB-499F-AE3D-169C0A9754AB}.Debug|Any CPU.Build.0 = Debug|Any CPU
		{9F8B9B43-7CCB-499F-AE3D-169C0A9754AB}.Release|Any CPU.ActiveCfg = Release|Any CPU
		{9F8B9B43-7CCB-499F-AE3D-169C0A9754AB}.Release|Any CPU.Build.0 = Release|Any CPU
	EndGlobalSection
	GlobalSection(SolutionProperties) = preSolution
		HideSolutionNode = FALSE
	EndGlobalSection
	GlobalSection(ExtensibilityGlobals) = postSolution
		SolutionGuid = {B3049689-CB60-4EBC-AB96-F2B564E4C712}
	EndGlobalSection
EndGlobal
